{
  "meteor": {},
  "dependencies": {
    "basePackages": {
      "autoform": {},
      "iron-router": {},
      "smart-collections": {},
      "animate-css": {},
      "bootstrap3-datetimepicker": {},
      "collection2": {},
      "jquery-validation": {},
      "roles": {},
      "router": {},
      "flash-messages": {},
      "bootstrap3-less": {},
      "bootstrap-3": {}
    },
    "packages": {
      "autoform": {
        "git": "https://github.com/aldeed/meteor-autoform.git",
        "tag": "v0.4.20",
        "commit": "d4d40a5356f9577a7d95d3526045035f3f1135af"
      },
      "iron-router": {
        "git": "https://github.com/EventedMind/iron-router.git",
        "tag": "v0.6.4",
        "commit": "927bbaed1b87894fb6fb70807f74ff3a5bd89f29"
      },
      "smart-collections": {
        "git": "https://github.com/arunoda/meteor-smart-collections.git",
        "tag": "v0.4.0",
        "commit": "da25a5e88c3b5e3c1cb3bd44fd7fdc3234448526"
      },
      "animate-css": {
        "git": "https://github.com/nate-strauser/meteor-animate-css.git",
        "tag": "v2.1.0",
        "commit": "08d7d98ce292d528f05eab91bfb220b3a355c1d5"
      },
      "bootstrap3-datetimepicker": {
        "git": "https://github.com/tsega/meteor-bootstrap3-datetimepicker.git",
        "tag": "v0.0.5",
        "commit": "30b5fa0759f98b75761772ad891876408f7cc8c4"
      },
      "collection2": {
        "git": "https://github.com/aldeed/meteor-collection2.git",
        "tag": "v0.3.8",
        "commit": "69aff2a21ba3c382f915e1f9dbcca2ad38edb6d5"
      },
      "jquery-validation": {
        "git": "https://github.com/properapp/jquery-validation.git",
        "tag": "v1.0.0",
        "commit": "afce6a53368c4f35f3bd82d92572312db68ecbb7"
      },
      "roles": {
        "git": "https://github.com/alanning/meteor-roles.git",
        "tag": "v1.2.6",
        "commit": "f2a9058281f8f2fe028767841d7445aadd6893cf"
      },
      "router": {
        "git": "https://github.com/tmeasday/meteor-router.git",
        "tag": "v0.5.4.1",
        "commit": "d00e380dda2184b70e909fc4a0fb5358d602c586"
      },
      "flash-messages": {
        "git": "https://github.com/camilosw/flash-messages.git",
        "tag": "v0.2.1",
        "commit": "62cf1ee531684808b91dbe3ff15e63f6d5af1c66"
      },
      "bootstrap3-less": {
        "git": "https://github.com/eprochasson/bootstrap3-less",
        "tag": "v0.1.9",
        "commit": "5c812c4d7ce72917a065f0424c3cf54e5ff2d16a"
      },
      "bootstrap-3": {
        "git": "https://github.com/mangasocial/meteor-bootstrap-3.git",
        "tag": "v3.1.1-1",
        "commit": "63dd38968828bb8963636df93e9a1c45e2dfe67e"
      },
      "simple-schema": {
        "git": "https://github.com/aldeed/meteor-simple-schema.git",
        "tag": "v0.2.40",
        "commit": "d22892daa943e3567916effeaafd794ca6af5cd2"
      },
      "moment": {
        "git": "https://github.com/acreeger/meteor-moment.git",
        "tag": "v2.5.1",
        "commit": "8c9bc5d3fc96705057737cb9743d555417f6e551"
      },
      "page-js-ie-support": {
        "git": "https://github.com/tmeasday/meteor-page-js-ie-support.git",
        "tag": "v1.3.5",
        "commit": "b99ed8380aefd10b2afc8f18d9eed4dd0d8ea9cb"
      },
      "HTML5-History-API": {
        "git": "https://github.com/tmeasday/meteor-HTML5-History-API.git",
        "tag": "v4.0.0",
        "commit": "dc4965f1424cfca625ec3fbea17eace03f8e32c5"
      }
    }
  }
}
